lockfileVersion: '9.0'

settings:
  autoInstallPeers: true
  excludeLinksFromLockfile: false

importers:

  .:
    devDependencies:
      chrome-types:
        specifier: ^0.1.429
        version: 0.1.429

packages:

  chrome-types@0.1.429:
    resolution: {integrity: sha512-+GZMwJQ4GEhrlZsEanDWnjbw9YDv0nZRxGyEEqDcjI1PvW8ucsKVn/5hmnmKv/j/hgL1pIbU6J1ixaNKRiNaGg==}

snapshots:

  chrome-types@0.1.429: {}
